
Microsoft Visual Studio Solution File, Format Version 12.00
# Visual Studio Version 17
VisualStudioVersion = 17.8.34316.72
MinimumVisualStudioVersion = 10.0.40219.1
Project("{FAE04EC0-301F-11D3-BF4B-00C04F79EFBC}") = "FloatToString", "FloatToString\FloatToString.csproj", "{822F189C-111B-46C3-BAA8-9281FBCF4D38}"
EndProject
Global
	GlobalSection(SolutionConfigurationPlatforms) = preSolution
		Debug|Any CPU = Debug|Any CPU
		Release|Any CPU = Release|Any CPU
	EndGlobalSection
	GlobalSection(ProjectConfigurationPlatforms) = postSolution
		{822F189C-111B-46C3-BAA8-9281FBCF4D38}.Debug|Any CPU.ActiveCfg = Debug|Any CPU
		{822F189C-111B-46C3-BAA8-9281FBCF4D38}.Debug|Any CPU.Build.0 = Debug|Any CPU
		{822F189C-111B-46C3-BAA8-9281FBCF4D38}.Release|Any CPU.ActiveCfg = Release|Any CPU
		{822F189C-111B-46C3-BAA8-9281FBCF4D38}.Release|Any CPU.Build.0 = Release|Any CPU
	EndGlobalSection
	GlobalSection(SolutionProperties) = preSolution
		HideSolutionNode = FALSE
	EndGlobalSection
	GlobalSection(ExtensibilityGlobals) = postSolution
		SolutionGuid = {FD88F3BA-CF83-466D-9E84-EC3A949A67A3}
	EndGlobalSection
EndGlobal
