
Microsoft Visual Studio Solution File, Format Version 12.00
# Visual Studio Version 17
VisualStudioVersion = 17.8.34316.72
MinimumVisualStudioVersion = 10.0.40219.1
Project("{FAE04EC0-301F-11D3-BF4B-00C04F79EFBC}") = "ConsoleUI", "ConsoleUI\ConsoleUI.csproj", "{4ECF2B97-E1C8-4B06-8DBE-A551D207B742}"
EndProject
Global
	GlobalSection(SolutionConfigurationPlatforms) = preSolution
		Debug|Any CPU = Debug|Any CPU
		Release|Any CPU = Release|Any CPU
	EndGlobalSection
	GlobalSection(ProjectConfigurationPlatforms) = postSolution
		{4ECF2B97-E1C8-4B06-8DBE-A551D207B742}.Debug|Any CPU.ActiveCfg = Debug|Any CPU
		{4ECF2B97-E1C8-4B06-8DBE-A551D207B742}.Debug|Any CPU.Build.0 = Debug|Any CPU
		{4ECF2B97-E1C8-4B06-8DBE-A551D207B742}.Release|Any CPU.ActiveCfg = Release|Any CPU
		{4ECF2B97-E1C8-4B06-8DBE-A551D207B742}.Release|Any CPU.Build.0 = Release|Any CPU
	EndGlobalSection
	GlobalSection(SolutionProperties) = preSolution
		HideSolutionNode = FALSE
	EndGlobalSection
	GlobalSection(ExtensibilityGlobals) = postSolution
		SolutionGuid = {5441671C-0082-47EA-AE7A-4D60510B6009}
	EndGlobalSection
EndGlobal
