
Microsoft Visual Studio Solution File, Format Version 12.00
# Visual Studio Version 16
VisualStudioVersion = 16.0.32126.315
MinimumVisualStudioVersion = 10.0.40219.1
Project("{FAE04EC0-301F-11D3-BF4B-00C04F79EFBC}") = "CsMvvmToolkit_CP", "CsMvvmToolkit_CP.csproj", "{3992349A-F2B1-45D7-AA6D-7A198F8FE73B}"
EndProject
Global
	GlobalSection(SolutionConfigurationPlatforms) = preSolution
		Debug|Any CPU = Debug|Any CPU
		Release|Any CPU = Release|Any CPU
	EndGlobalSection
	GlobalSection(ProjectConfigurationPlatforms) = postSolution
		{3992349A-F2B1-45D7-AA6D-7A198F8FE73B}.Debug|Any CPU.ActiveCfg = Debug|x64
		{3992349A-F2B1-45D7-AA6D-7A198F8FE73B}.Debug|Any CPU.Build.0 = Debug|x64
		{3992349A-F2B1-45D7-AA6D-7A198F8FE73B}.Release|Any CPU.ActiveCfg = Release|Any CPU
		{3992349A-F2B1-45D7-AA6D-7A198F8FE73B}.Release|Any CPU.Build.0 = Release|Any CPU
	EndGlobalSection
	GlobalSection(SolutionProperties) = preSolution
		HideSolutionNode = FALSE
	EndGlobalSection
	GlobalSection(ExtensibilityGlobals) = postSolution
		SolutionGuid = {87DBDF25-A6FF-4156-95CD-698BE23B10E2}
	EndGlobalSection
EndGlobal
