
Microsoft Visual Studio Solution File, Format Version 12.00
# Visual Studio Version 17
VisualStudioVersion = 17.4.33122.133
MinimumVisualStudioVersion = 10.0.40219.1
Project("{FAE04EC0-301F-11D3-BF4B-00C04F79EFBC}") = "RenamingMp3Songs", "RenamingMp3Songs\RenamingMp3Songs.csproj", "{AB98509A-E75B-49EB-B4EE-A6279241EF0D}"
EndProject
Project("{9A19103F-16F7-4668-BE54-9A1E7A4F7556}") = "RenamingMp3Songs.Tests", "RenamingMp3Songs.Tests\RenamingMp3Songs.Tests.csproj", "{6B689989-3D7B-45ED-9BF5-EF5B284FD207}"
EndProject
Project("{FAE04EC0-301F-11D3-BF4B-00C04F79EFBC}") = "RenamingMp3Songs.Bdd", "RenamingMp3Songs.Bdd\RenamingMp3Songs.Bdd.csproj", "{189CEA6E-9FC4-4699-A5B8-B0B2A1B2B06E}"
EndProject
Global
	GlobalSection(SolutionConfigurationPlatforms) = preSolution
		Debug|Any CPU = Debug|Any CPU
		Release|Any CPU = Release|Any CPU
	EndGlobalSection
	GlobalSection(ProjectConfigurationPlatforms) = postSolution
		{AB98509A-E75B-49EB-B4EE-A6279241EF0D}.Debug|Any CPU.ActiveCfg = Debug|Any CPU
		{AB98509A-E75B-49EB-B4EE-A6279241EF0D}.Debug|Any CPU.Build.0 = Debug|Any CPU
		{AB98509A-E75B-49EB-B4EE-A6279241EF0D}.Release|Any CPU.ActiveCfg = Release|Any CPU
		{AB98509A-E75B-49EB-B4EE-A6279241EF0D}.Release|Any CPU.Build.0 = Release|Any CPU
		{6B689989-3D7B-45ED-9BF5-EF5B284FD207}.Debug|Any CPU.ActiveCfg = Debug|Any CPU
		{6B689989-3D7B-45ED-9BF5-EF5B284FD207}.Debug|Any CPU.Build.0 = Debug|Any CPU
		{6B689989-3D7B-45ED-9BF5-EF5B284FD207}.Release|Any CPU.ActiveCfg = Release|Any CPU
		{6B689989-3D7B-45ED-9BF5-EF5B284FD207}.Release|Any CPU.Build.0 = Release|Any CPU
		{189CEA6E-9FC4-4699-A5B8-B0B2A1B2B06E}.Debug|Any CPU.ActiveCfg = Debug|Any CPU
		{189CEA6E-9FC4-4699-A5B8-B0B2A1B2B06E}.Debug|Any CPU.Build.0 = Debug|Any CPU
		{189CEA6E-9FC4-4699-A5B8-B0B2A1B2B06E}.Release|Any CPU.ActiveCfg = Release|Any CPU
		{189CEA6E-9FC4-4699-A5B8-B0B2A1B2B06E}.Release|Any CPU.Build.0 = Release|Any CPU
	EndGlobalSection
	GlobalSection(SolutionProperties) = preSolution
		HideSolutionNode = FALSE
	EndGlobalSection
	GlobalSection(ExtensibilityGlobals) = postSolution
		SolutionGuid = {DF784CBC-0082-404D-925E-6C0F4DCEEDDE}
	EndGlobalSection
EndGlobal
