
Microsoft Visual Studio Solution File, Format Version 12.00
# Visual Studio Version 17
VisualStudioVersion = 17.5.33627.172
MinimumVisualStudioVersion = 10.0.40219.1
Project("{9A19103F-16F7-4668-BE54-9A1E7A4F7556}") = "TestingBench.Desktop", "TestingBench.Desktop\TestingBench.Desktop.csproj", "{761D17D1-9F1E-42EA-A034-84D410B3C94C}"
EndProject
Project("{FAE04EC0-301F-11D3-BF4B-00C04F79EFBC}") = "TimerTester", "TimerTester\TimerTester.csproj", "{E2839F18-BE78-4223-94C5-57F99EF28F27}"
EndProject
Global
	GlobalSection(SolutionConfigurationPlatforms) = preSolution
		Debug|Any CPU = Debug|Any CPU
		Release|Any CPU = Release|Any CPU
	EndGlobalSection
	GlobalSection(ProjectConfigurationPlatforms) = postSolution
		{761D17D1-9F1E-42EA-A034-84D410B3C94C}.Debug|Any CPU.ActiveCfg = Debug|Any CPU
		{761D17D1-9F1E-42EA-A034-84D410B3C94C}.Debug|Any CPU.Build.0 = Debug|Any CPU
		{761D17D1-9F1E-42EA-A034-84D410B3C94C}.Release|Any CPU.ActiveCfg = Release|Any CPU
		{761D17D1-9F1E-42EA-A034-84D410B3C94C}.Release|Any CPU.Build.0 = Release|Any CPU
		{E2839F18-BE78-4223-94C5-57F99EF28F27}.Debug|Any CPU.ActiveCfg = Debug|Any CPU
		{E2839F18-BE78-4223-94C5-57F99EF28F27}.Debug|Any CPU.Build.0 = Debug|Any CPU
		{E2839F18-BE78-4223-94C5-57F99EF28F27}.Release|Any CPU.ActiveCfg = Release|Any CPU
		{E2839F18-BE78-4223-94C5-57F99EF28F27}.Release|Any CPU.Build.0 = Release|Any CPU
	EndGlobalSection
	GlobalSection(SolutionProperties) = preSolution
		HideSolutionNode = FALSE
	EndGlobalSection
	GlobalSection(ExtensibilityGlobals) = postSolution
		SolutionGuid = {4E4E193C-7977-448A-ADC6-DDDE81004C2D}
	EndGlobalSection
EndGlobal
