
Microsoft Visual Studio Solution File, Format Version 12.00
# Visual Studio Version 17
VisualStudioVersion = 17.13.35825.156 d17.13
MinimumVisualStudioVersion = 10.0.40219.1
Project("{FAE04EC0-301F-11D3-BF4B-00C04F79EFBC}") = "PdfToHtmlConverter", "PdfToHtmlConverter\PdfToHtmlConverter.csproj", "{B9819DED-F9A6-4E8A-AB77-0EDE6F20D347}"
EndProject
Global
	GlobalSection(SolutionConfigurationPlatforms) = preSolution
		Debug|Any CPU = Debug|Any CPU
		Release|Any CPU = Release|Any CPU
	EndGlobalSection
	GlobalSection(ProjectConfigurationPlatforms) = postSolution
		{B9819DED-F9A6-4E8A-AB77-0EDE6F20D347}.Debug|Any CPU.ActiveCfg = Debug|Any CPU
		{B9819DED-F9A6-4E8A-AB77-0EDE6F20D347}.Debug|Any CPU.Build.0 = Debug|Any CPU
		{B9819DED-F9A6-4E8A-AB77-0EDE6F20D347}.Release|Any CPU.ActiveCfg = Release|Any CPU
		{B9819DED-F9A6-4E8A-AB77-0EDE6F20D347}.Release|Any CPU.Build.0 = Release|Any CPU
	EndGlobalSection
	GlobalSection(SolutionProperties) = preSolution
		HideSolutionNode = FALSE
	EndGlobalSection
	GlobalSection(ExtensibilityGlobals) = postSolution
		SolutionGuid = {349B5834-1035-478F-9B40-B8CCC05530C1}
	EndGlobalSection
EndGlobal
