
Microsoft Visual Studio Solution File, Format Version 12.00
# Visual Studio Version 17
VisualStudioVersion = 17.7.34221.43
MinimumVisualStudioVersion = 10.0.40219.1
Project("{FAE04EC0-301F-11D3-BF4B-00C04F79EFBC}") = "SerilizerWpfCore", "SerilizerWpfCore\SerilizerWpfCore.csproj", "{E377FBE7-D181-4A52-812D-63DD424B0DBA}"
EndProject
Project("{FAE04EC0-301F-11D3-BF4B-00C04F79EFBC}") = "DeserializerFramework", "DeserializerFramework\DeserializerFramework.csproj", "{721A5E19-5ACB-4C49-917C-15F3534319B3}"
EndProject
Project("{FAE04EC0-301F-11D3-BF4B-00C04F79EFBC}") = "SerializeDeserialize.Data", "SerializeDeserialize.Data\SerializeDeserialize.Data.csproj", "{848545E3-5D6E-43B5-A07D-759264F221B8}"
EndProject
Global
	GlobalSection(SolutionConfigurationPlatforms) = preSolution
		Debug|Any CPU = Debug|Any CPU
		Release|Any CPU = Release|Any CPU
	EndGlobalSection
	GlobalSection(ProjectConfigurationPlatforms) = postSolution
		{E377FBE7-D181-4A52-812D-63DD424B0DBA}.Debug|Any CPU.ActiveCfg = Debug|Any CPU
		{E377FBE7-D181-4A52-812D-63DD424B0DBA}.Debug|Any CPU.Build.0 = Debug|Any CPU
		{E377FBE7-D181-4A52-812D-63DD424B0DBA}.Release|Any CPU.ActiveCfg = Release|Any CPU
		{E377FBE7-D181-4A52-812D-63DD424B0DBA}.Release|Any CPU.Build.0 = Release|Any CPU
		{721A5E19-5ACB-4C49-917C-15F3534319B3}.Debug|Any CPU.ActiveCfg = Debug|Any CPU
		{721A5E19-5ACB-4C49-917C-15F3534319B3}.Debug|Any CPU.Build.0 = Debug|Any CPU
		{721A5E19-5ACB-4C49-917C-15F3534319B3}.Release|Any CPU.ActiveCfg = Release|Any CPU
		{721A5E19-5ACB-4C49-917C-15F3534319B3}.Release|Any CPU.Build.0 = Release|Any CPU
		{848545E3-5D6E-43B5-A07D-759264F221B8}.Debug|Any CPU.ActiveCfg = Debug|Any CPU
		{848545E3-5D6E-43B5-A07D-759264F221B8}.Debug|Any CPU.Build.0 = Debug|Any CPU
		{848545E3-5D6E-43B5-A07D-759264F221B8}.Release|Any CPU.ActiveCfg = Release|Any CPU
		{848545E3-5D6E-43B5-A07D-759264F221B8}.Release|Any CPU.Build.0 = Release|Any CPU
	EndGlobalSection
	GlobalSection(SolutionProperties) = preSolution
		HideSolutionNode = FALSE
	EndGlobalSection
	GlobalSection(ExtensibilityGlobals) = postSolution
		SolutionGuid = {FC37E948-7B8B-4FE1-90A6-D0D9DB55A199}
	EndGlobalSection
EndGlobal
