
Microsoft Visual Studio Solution File, Format Version 12.00
# Visual Studio Version 17
VisualStudioVersion = 17.13.35825.156 d17.13
MinimumVisualStudioVersion = 10.0.40219.1
Project("{FAE04EC0-301F-11D3-BF4B-00C04F79EFBC}") = "HintQuestions.Wpf", "HintQuestions.Wpf\HintQuestions.Wpf.csproj", "{96D168BF-1DDC-4B70-9D24-0C26F94C1389}"
EndProject
Project("{FAE04EC0-301F-11D3-BF4B-00C04F79EFBC}") = "HintQuestions.Domain", "HintQuestions.Domain\HintQuestions.Domain.csproj", "{5C9FDD1D-5D43-4EF5-92AA-F1BCB0AC6B66}"
EndProject
Global
	GlobalSection(SolutionConfigurationPlatforms) = preSolution
		Debug|Any CPU = Debug|Any CPU
		Release|Any CPU = Release|Any CPU
	EndGlobalSection
	GlobalSection(ProjectConfigurationPlatforms) = postSolution
		{96D168BF-1DDC-4B70-9D24-0C26F94C1389}.Debug|Any CPU.ActiveCfg = Debug|Any CPU
		{96D168BF-1DDC-4B70-9D24-0C26F94C1389}.Debug|Any CPU.Build.0 = Debug|Any CPU
		{96D168BF-1DDC-4B70-9D24-0C26F94C1389}.Release|Any CPU.ActiveCfg = Release|Any CPU
		{96D168BF-1DDC-4B70-9D24-0C26F94C1389}.Release|Any CPU.Build.0 = Release|Any CPU
		{5C9FDD1D-5D43-4EF5-92AA-F1BCB0AC6B66}.Debug|Any CPU.ActiveCfg = Debug|Any CPU
		{5C9FDD1D-5D43-4EF5-92AA-F1BCB0AC6B66}.Debug|Any CPU.Build.0 = Debug|Any CPU
		{5C9FDD1D-5D43-4EF5-92AA-F1BCB0AC6B66}.Release|Any CPU.ActiveCfg = Release|Any CPU
		{5C9FDD1D-5D43-4EF5-92AA-F1BCB0AC6B66}.Release|Any CPU.Build.0 = Release|Any CPU
	EndGlobalSection
	GlobalSection(SolutionProperties) = preSolution
		HideSolutionNode = FALSE
	EndGlobalSection
	GlobalSection(ExtensibilityGlobals) = postSolution
		SolutionGuid = {37700A98-5DC6-4A6F-9EA6-F9E93E1EE377}
	EndGlobalSection
EndGlobal
